
Microsoft Visual Studio Solution File, Format Version 12.00
# Visual Studio Version 16
VisualStudioVersion = 16.0.30804.86
MinimumVisualStudioVersion = 10.0.40219.1
Project("{9A19103F-16F7-4668-BE54-9A1E7A4F7556}") = "SignalRBackplane.Api", "SignalRBackplane.Api\SignalRBackplane.Api.csproj", "{629EDB0A-B8AB-42F2-9F0A-A0628DBE326F}"
EndProject
Project("{2150E333-8FDC-42A3-9474-1A3956D46DE8}") = "Arquivos", "Arquivos", "{2CC74B24-0924-4C68-9652-7D79A36878FB}"
	ProjectSection(SolutionItems) = preProject
		..\..\..\deployment.yaml = ..\..\..\deployment.yaml
		..\..\..\redis-deployment.yaml = ..\..\..\redis-deployment.yaml
		..\..\..\redis-service.yaml = ..\..\..\redis-service.yaml
		..\..\..\service.yaml = ..\..\..\service.yaml
	EndProjectSection
EndProject
Global
	GlobalSection(SolutionConfigurationPlatforms) = preSolution
		Debug|Any CPU = Debug|Any CPU
		Release|Any CPU = Release|Any CPU
	EndGlobalSection
	GlobalSection(ProjectConfigurationPlatforms) = postSolution
		{629EDB0A-B8AB-42F2-9F0A-A0628DBE326F}.Debug|Any CPU.ActiveCfg = Debug|Any CPU
		{629EDB0A-B8AB-42F2-9F0A-A0628DBE326F}.Debug|Any CPU.Build.0 = Debug|Any CPU
		{629EDB0A-B8AB-42F2-9F0A-A0628DBE326F}.Release|Any CPU.ActiveCfg = Release|Any CPU
		{629EDB0A-B8AB-42F2-9F0A-A0628DBE326F}.Release|Any CPU.Build.0 = Release|Any CPU
	EndGlobalSection
	GlobalSection(SolutionProperties) = preSolution
		HideSolutionNode = FALSE
	EndGlobalSection
	GlobalSection(ExtensibilityGlobals) = postSolution
		SolutionGuid = {364AAFA7-0608-4EDA-9AA8-F20B077DD702}
	EndGlobalSection
EndGlobal
